<?xml version="1.0" encoding="utf-8"?>
<Project ToolsVersion="4.0" xmlns="http://schemas.microsoft.com/developer/msbuild/2003">
  <ItemGroup>
    <Filter Include="Sources">
      <UniqueIdentifier>{8b7ed093-66ce-4096-96d2-fbb9faa4bf52}</UniqueIdentifier>
    </Filter>
    <Filter Include="Sources\Modules">
      <UniqueIdentifier>{7b418be2-1631-4a31-9ef2-8a8b234a7339}</UniqueIdentifier>
    </Filter>
    <Filter Include="Sources\Containers">
      <UniqueIdentifier>{afc36133-f401-499a-aa33-0da1e500fb52}</UniqueIdentifier>
    </Filter>
    <Filter Include="Sources\Tools">
      <UniqueIdentifier>{7e4dfaf7-022c-4f7d-92aa-f3b3fa9d6248}</UniqueIdentifier>
    </Filter>
    <Filter Include="Sources\Helpers">
      <UniqueIdentifier>{121f8e6b-df36-4ab0-be0d-601ddfc9e503}</UniqueIdentifier>
    </Filter>
    <Filter Include="Sources\Modules\Game">
      <UniqueIdentifier>{a48c5319-ca3f-423c-a951-cbf093994ac1}</UniqueIdentifier>
    </Filter>
    <Filter Include="Sources\Tools\ImGui">
      <UniqueIdentifier>{f6971b9b-ca00-4d01-ab90-b99f26289195}</UniqueIdentifier>
    </Filter>
    <Filter Include="Sources\Tools\MathGeoLib">
      <UniqueIdentifier>{350a9b32-d341-4c64-99fa-1c36c2aa38a8}</UniqueIdentifier>
    </Filter>
    <Filter Include="Sources\Tools\MathGeoLib\src">
      <UniqueIdentifier>{72867249-4f55-4f28-924f-6d4c7a1e38b6}</UniqueIdentifier>
    </Filter>
    <Filter Include="Sources\Tools\MathGeoLib\tests">
      <UniqueIdentifier>{46745444-35aa-4117-81dc-d316495451bc}</UniqueIdentifier>
    </Filter>
    <Filter Include="Sources\Tools\MathGeoLib\src\Algorithm">
      <UniqueIdentifier>{d2636f98-7059-4b64-8c7c-bf5537a57e5e}</UniqueIdentifier>
    </Filter>
    <Filter Include="Sources\Tools\MathGeoLib\src\Geometry">
      <UniqueIdentifier>{6fcdb45a-240e-4b07-9d9e-f4aa50805c2c}</UniqueIdentifier>
    </Filter>
    <Filter Include="Sources\Tools\MathGeoLib\src\Math">
      <UniqueIdentifier>{ed9bfa5c-c813-4438-a686-c4273c29f5de}</UniqueIdentifier>
    </Filter>
    <Filter Include="Sources\Tools\MathGeoLib\src\Time">
      <UniqueIdentifier>{fad96083-ab5a-4404-8ee8-85fbea37f3fc}</UniqueIdentifier>
    </Filter>
    <Filter Include="Sources\Tools\glew">
      <UniqueIdentifier>{11a8939c-7231-4683-a6b1-ec65f534dcac}</UniqueIdentifier>
    </Filter>
    <Filter Include="Sources\Tools\JSONkit">
      <UniqueIdentifier>{243fa3f5-7b32-412a-867e-96e022fe6c7a}</UniqueIdentifier>
    </Filter>
  </ItemGroup>
  <ItemGroup>
    <ClInclude Include="Source\Module.h">
      <Filter>Sources\Modules</Filter>
    </ClInclude>
    <ClInclude Include="Source\ModuleCamera3D.h">
      <Filter>Sources\Modules</Filter>
    </ClInclude>
    <ClInclude Include="Source\ModuleInput.h">
      <Filter>Sources\Modules</Filter>
    </ClInclude>
    <ClInclude Include="Source\ModuleRenderer3D.h">
      <Filter>Sources\Modules</Filter>
    </ClInclude>
    <ClInclude Include="Source\ModuleWindow.h">
      <Filter>Sources\Modules</Filter>
    </ClInclude>
    <ClInclude Include="Source\Application.h">
      <Filter>Sources</Filter>
    </ClInclude>
    <ClInclude Include="Source\Globals.h">
      <Filter>Sources</Filter>
    </ClInclude>
    <ClInclude Include="External\imgui\imconfig.h">
      <Filter>Sources\Tools\ImGui</Filter>
    </ClInclude>
    <ClInclude Include="External\imgui\imgui.h">
      <Filter>Sources\Tools\ImGui</Filter>
    </ClInclude>
    <ClInclude Include="External\imgui\imgui_impl_opengl2.h">
      <Filter>Sources\Tools\ImGui</Filter>
    </ClInclude>
    <ClInclude Include="External\imgui\imgui_impl_sdl.h">
      <Filter>Sources\Tools\ImGui</Filter>
    </ClInclude>
    <ClInclude Include="External\imgui\imgui_internal.h">
      <Filter>Sources\Tools\ImGui</Filter>
    </ClInclude>
    <ClInclude Include="External\imgui\imstb_rectpack.h">
      <Filter>Sources\Tools\ImGui</Filter>
    </ClInclude>
    <ClInclude Include="External\imgui\imstb_textedit.h">
      <Filter>Sources\Tools\ImGui</Filter>
    </ClInclude>
    <ClInclude Include="External\imgui\imstb_truetype.h">
      <Filter>Sources\Tools\ImGui</Filter>
    </ClInclude>
    <ClInclude Include="Source\Timer.h">
      <Filter>Sources\Tools</Filter>
    </ClInclude>
    <ClInclude Include="Source\Light.h">
      <Filter>Sources\Helpers</Filter>
    </ClInclude>
    <ClInclude Include="Source\Primitive.h">
      <Filter>Sources\Helpers</Filter>
    </ClInclude>
    <ClInclude Include="Source\Color.h">
      <Filter>Sources\Containers</Filter>
    </ClInclude>
    <ClInclude Include="Source\glmath.h">
      <Filter>Sources\Containers</Filter>
    </ClInclude>
    <ClInclude Include="Source\ModuleSceneIntro.h">
      <Filter>Sources\Modules\Game</Filter>
    </ClInclude>
    <ClInclude Include="External\mathgeolib\src\MathBuildConfig.h">
      <Filter>Sources\Tools\MathGeoLib\src</Filter>
    </ClInclude>
    <ClInclude Include="External\mathgeolib\src\MathGeoLib.h">
      <Filter>Sources\Tools\MathGeoLib\src</Filter>
    </ClInclude>
    <ClInclude Include="External\mathgeolib\src\MathGeoLibFwd.h">
      <Filter>Sources\Tools\MathGeoLib\src</Filter>
    </ClInclude>
    <ClInclude Include="External\mathgeolib\src\Algorithm\Random\LCG.h">
      <Filter>Sources\Tools\MathGeoLib\src\Algorithm</Filter>
    </ClInclude>
    <ClInclude Include="External\mathgeolib\src\Geometry\AABB.h">
      <Filter>Sources\Tools\MathGeoLib\src\Geometry</Filter>
    </ClInclude>
    <ClInclude Include="External\mathgeolib\src\Geometry\AABB2D.h">
      <Filter>Sources\Tools\MathGeoLib\src\Geometry</Filter>
    </ClInclude>
    <ClInclude Include="External\mathgeolib\src\Geometry\Capsule.h">
      <Filter>Sources\Tools\MathGeoLib\src\Geometry</Filter>
    </ClInclude>
    <ClInclude Include="External\mathgeolib\src\Geometry\Circle.h">
      <Filter>Sources\Tools\MathGeoLib\src\Geometry</Filter>
    </ClInclude>
    <ClInclude Include="External\mathgeolib\src\Geometry\Frustum.h">
      <Filter>Sources\Tools\MathGeoLib\src\Geometry</Filter>
    </ClInclude>
    <ClInclude Include="External\mathgeolib\src\Geometry\GeometryAll.h">
      <Filter>Sources\Tools\MathGeoLib\src\Geometry</Filter>
    </ClInclude>
    <ClInclude Include="External\mathgeolib\src\Geometry\GeomType.h">
      <Filter>Sources\Tools\MathGeoLib\src\Geometry</Filter>
    </ClInclude>
    <ClInclude Include="External\mathgeolib\src\Geometry\HitInfo.h">
      <Filter>Sources\Tools\MathGeoLib\src\Geometry</Filter>
    </ClInclude>
    <ClInclude Include="External\mathgeolib\src\Geometry\KDTree.h">
      <Filter>Sources\Tools\MathGeoLib\src\Geometry</Filter>
    </ClInclude>
    <ClInclude Include="External\mathgeolib\src\Geometry\Line.h">
      <Filter>Sources\Tools\MathGeoLib\src\Geometry</Filter>
    </ClInclude>
    <ClInclude Include="External\mathgeolib\src\Geometry\LineSegment.h">
      <Filter>Sources\Tools\MathGeoLib\src\Geometry</Filter>
    </ClInclude>
    <ClInclude Include="External\mathgeolib\src\Geometry\OBB.h">
      <Filter>Sources\Tools\MathGeoLib\src\Geometry</Filter>
    </ClInclude>
    <ClInclude Include="External\mathgeolib\src\Geometry\PBVolume.h">
      <Filter>Sources\Tools\MathGeoLib\src\Geometry</Filter>
    </ClInclude>
    <ClInclude Include="External\mathgeolib\src\Geometry\Plane.h">
      <Filter>Sources\Tools\MathGeoLib\src\Geometry</Filter>
    </ClInclude>
    <ClInclude Include="External\mathgeolib\src\Geometry\Polygon.h">
      <Filter>Sources\Tools\MathGeoLib\src\Geometry</Filter>
    </ClInclude>
    <ClInclude Include="External\mathgeolib\src\Geometry\Polyhedron.h">
      <Filter>Sources\Tools\MathGeoLib\src\Geometry</Filter>
    </ClInclude>
    <ClInclude Include="External\mathgeolib\src\Geometry\QuadTree.h">
      <Filter>Sources\Tools\MathGeoLib\src\Geometry</Filter>
    </ClInclude>
    <ClInclude Include="External\mathgeolib\src\Geometry\Ray.h">
      <Filter>Sources\Tools\MathGeoLib\src\Geometry</Filter>
    </ClInclude>
    <ClInclude Include="External\mathgeolib\src\Geometry\Sphere.h">
      <Filter>Sources\Tools\MathGeoLib\src\Geometry</Filter>
    </ClInclude>
    <ClInclude Include="External\mathgeolib\src\Geometry\Triangle.h">
      <Filter>Sources\Tools\MathGeoLib\src\Geometry</Filter>
    </ClInclude>
    <ClInclude Include="External\mathgeolib\src\Geometry\TriangleMesh.h">
      <Filter>Sources\Tools\MathGeoLib\src\Geometry</Filter>
    </ClInclude>
    <ClInclude Include="External\mathgeolib\src\Math\assume.h">
      <Filter>Sources\Tools\MathGeoLib\src\Math</Filter>
    </ClInclude>
    <ClInclude Include="External\mathgeolib\src\Math\BitOps.h">
      <Filter>Sources\Tools\MathGeoLib\src\Math</Filter>
    </ClInclude>
    <ClInclude Include="External\mathgeolib\src\Math\Complex.h">
      <Filter>Sources\Tools\MathGeoLib\src\Math</Filter>
    </ClInclude>
    <ClInclude Include="External\mathgeolib\src\Math\CoordinateAxisConvention.h">
      <Filter>Sources\Tools\MathGeoLib\src\Math</Filter>
    </ClInclude>
    <ClInclude Include="External\mathgeolib\src\Math\FixedPoint.h">
      <Filter>Sources\Tools\MathGeoLib\src\Math</Filter>
    </ClInclude>
    <ClInclude Include="External\mathgeolib\src\Math\float2.h">
      <Filter>Sources\Tools\MathGeoLib\src\Math</Filter>
    </ClInclude>
    <ClInclude Include="External\mathgeolib\src\Math\float3.h">
      <Filter>Sources\Tools\MathGeoLib\src\Math</Filter>
    </ClInclude>
    <ClInclude Include="External\mathgeolib\src\Math\float3x3.h">
      <Filter>Sources\Tools\MathGeoLib\src\Math</Filter>
    </ClInclude>
    <ClInclude Include="External\mathgeolib\src\Math\float3x4.h">
      <Filter>Sources\Tools\MathGeoLib\src\Math</Filter>
    </ClInclude>
    <ClInclude Include="External\mathgeolib\src\Math\float4.h">
      <Filter>Sources\Tools\MathGeoLib\src\Math</Filter>
    </ClInclude>
    <ClInclude Include="External\mathgeolib\src\Math\float4_neon.h">
      <Filter>Sources\Tools\MathGeoLib\src\Math</Filter>
    </ClInclude>
    <ClInclude Include="External\mathgeolib\src\Math\float4_sse.h">
      <Filter>Sources\Tools\MathGeoLib\src\Math</Filter>
    </ClInclude>
    <ClInclude Include="External\mathgeolib\src\Math\float4x4.h">
      <Filter>Sources\Tools\MathGeoLib\src\Math</Filter>
    </ClInclude>
    <ClInclude Include="External\mathgeolib\src\Math\float4x4_neon.h">
      <Filter>Sources\Tools\MathGeoLib\src\Math</Filter>
    </ClInclude>
    <ClInclude Include="External\mathgeolib\src\Math\float4x4_sse.h">
      <Filter>Sources\Tools\MathGeoLib\src\Math</Filter>
    </ClInclude>
    <ClInclude Include="External\mathgeolib\src\Math\FloatCmp.h">
      <Filter>Sources\Tools\MathGeoLib\src\Math</Filter>
    </ClInclude>
    <ClInclude Include="External\mathgeolib\src\Math\MathAll.h">
      <Filter>Sources\Tools\MathGeoLib\src\Math</Filter>
    </ClInclude>
    <ClInclude Include="External\mathgeolib\src\Math\MathConstants.h">
      <Filter>Sources\Tools\MathGeoLib\src\Math</Filter>
    </ClInclude>
    <ClInclude Include="External\mathgeolib\src\Math\MathFunc.h">
      <Filter>Sources\Tools\MathGeoLib\src\Math</Filter>
    </ClInclude>
    <ClInclude Include="External\mathgeolib\src\Math\MathLog.h">
      <Filter>Sources\Tools\MathGeoLib\src\Math</Filter>
    </ClInclude>
    <ClInclude Include="External\mathgeolib\src\Math\MathNamespace.h">
      <Filter>Sources\Tools\MathGeoLib\src\Math</Filter>
    </ClInclude>
    <ClInclude Include="External\mathgeolib\src\Math\MathTypes.h">
      <Filter>Sources\Tools\MathGeoLib\src\Math</Filter>
    </ClInclude>
    <ClInclude Include="External\mathgeolib\src\Math\MatrixProxy.h">
      <Filter>Sources\Tools\MathGeoLib\src\Math</Filter>
    </ClInclude>
    <ClInclude Include="External\mathgeolib\src\Math\myassert.h">
      <Filter>Sources\Tools\MathGeoLib\src\Math</Filter>
    </ClInclude>
    <ClInclude Include="External\mathgeolib\src\Math\Polynomial.h">
      <Filter>Sources\Tools\MathGeoLib\src\Math</Filter>
    </ClInclude>
    <ClInclude Include="External\mathgeolib\src\Math\Quat.h">
      <Filter>Sources\Tools\MathGeoLib\src\Math</Filter>
    </ClInclude>
    <ClInclude Include="External\mathgeolib\src\Math\quat_simd.h">
      <Filter>Sources\Tools\MathGeoLib\src\Math</Filter>
    </ClInclude>
    <ClInclude Include="External\mathgeolib\src\Math\Rect.h">
      <Filter>Sources\Tools\MathGeoLib\src\Math</Filter>
    </ClInclude>
    <ClInclude Include="External\mathgeolib\src\Math\Reinterpret.h">
      <Filter>Sources\Tools\MathGeoLib\src\Math</Filter>
    </ClInclude>
    <ClInclude Include="External\mathgeolib\src\Math\sse_mathfun.h">
      <Filter>Sources\Tools\MathGeoLib\src\Math</Filter>
    </ClInclude>
    <ClInclude Include="External\mathgeolib\src\Math\SSEMath.h">
      <Filter>Sources\Tools\MathGeoLib\src\Math</Filter>
    </ClInclude>
    <ClInclude Include="External\mathgeolib\src\Math\TransformOps.h">
      <Filter>Sources\Tools\MathGeoLib\src\Math</Filter>
    </ClInclude>
    <ClInclude Include="External\mathgeolib\src\Time\Clock.h">
      <Filter>Sources\Tools\MathGeoLib\src\Time</Filter>
    </ClInclude>
    <ClInclude Include="External\mathgeolib\tests\JSONReport.h">
      <Filter>Sources\Tools\MathGeoLib\tests</Filter>
    </ClInclude>
    <ClInclude Include="External\mathgeolib\tests\SystemInfo.h">
      <Filter>Sources\Tools\MathGeoLib\tests</Filter>
    </ClInclude>
    <ClInclude Include="External\mathgeolib\tests\TestData.h">
      <Filter>Sources\Tools\MathGeoLib\tests</Filter>
    </ClInclude>
    <ClInclude Include="External\mathgeolib\tests\TestRunner.h">
      <Filter>Sources\Tools\MathGeoLib\tests</Filter>
    </ClInclude>
    <ClInclude Include="External\glew\include\eglew.h">
      <Filter>Sources\Tools\glew</Filter>
    </ClInclude>
    <ClInclude Include="External\glew\include\glew.h">
      <Filter>Sources\Tools\glew</Filter>
    </ClInclude>
    <ClInclude Include="External\glew\include\glxew.h">
      <Filter>Sources\Tools\glew</Filter>
    </ClInclude>
    <ClInclude Include="External\glew\include\wglew.h">
      <Filter>Sources\Tools\glew</Filter>
    </ClInclude>
    <ClInclude Include="Source\ModuleEditor.h">
      <Filter>Sources\Modules</Filter>
    </ClInclude>
    <ClInclude Include="External\JSONkit\JSONKit.h">
      <Filter>Sources\Tools\JSONkit</Filter>
    </ClInclude>
  </ItemGroup>
  <ItemGroup>
    <ClCompile Include="Source\ModuleCamera3D.cpp">
      <Filter>Sources\Modules</Filter>
    </ClCompile>
    <ClCompile Include="Source\ModuleInput.cpp">
      <Filter>Sources\Modules</Filter>
    </ClCompile>
    <ClCompile Include="Source\ModuleRenderer3D.cpp">
      <Filter>Sources\Modules</Filter>
    </ClCompile>
    <ClCompile Include="Source\ModuleWindow.cpp">
      <Filter>Sources\Modules</Filter>
    </ClCompile>
    <ClCompile Include="Source\Application.cpp">
      <Filter>Sources</Filter>
    </ClCompile>
    <ClCompile Include="Source\Main.cpp">
      <Filter>Sources</Filter>
    </ClCompile>
    <ClCompile Include="External\imgui\imgui.cpp">
      <Filter>Sources\Tools\ImGui</Filter>
    </ClCompile>
    <ClCompile Include="External\imgui\imgui_demo.cpp">
      <Filter>Sources\Tools\ImGui</Filter>
    </ClCompile>
    <ClCompile Include="External\imgui\imgui_draw.cpp">
      <Filter>Sources\Tools\ImGui</Filter>
    </ClCompile>
    <ClCompile Include="External\imgui\imgui_impl_opengl2.cpp">
      <Filter>Sources\Tools\ImGui</Filter>
    </ClCompile>
    <ClCompile Include="External\imgui\imgui_impl_sdl.cpp">
      <Filter>Sources\Tools\ImGui</Filter>
    </ClCompile>
    <ClCompile Include="External\imgui\imgui_tables.cpp">
      <Filter>Sources\Tools\ImGui</Filter>
    </ClCompile>
    <ClCompile Include="External\imgui\imgui_widgets.cpp">
      <Filter>Sources\Tools\ImGui</Filter>
    </ClCompile>
    <ClCompile Include="Source\log.cpp">
      <Filter>Sources\Tools</Filter>
    </ClCompile>
    <ClCompile Include="Source\Timer.cpp">
      <Filter>Sources\Tools</Filter>
    </ClCompile>
    <ClCompile Include="Source\Light.cpp">
      <Filter>Sources\Helpers</Filter>
    </ClCompile>
    <ClCompile Include="Source\Primitive.cpp">
      <Filter>Sources\Helpers</Filter>
    </ClCompile>
    <ClCompile Include="Source\Color.cpp">
      <Filter>Sources\Containers</Filter>
    </ClCompile>
    <ClCompile Include="Source\glmath.cpp">
      <Filter>Sources\Containers</Filter>
    </ClCompile>
    <ClCompile Include="Source\ModuleSceneIntro.cpp">
      <Filter>Sources\Modules\Game</Filter>
    </ClCompile>
    <ClCompile Include="External\mathgeolib\src\Algorithm\Random\LCG.cpp">
      <Filter>Sources\Tools\MathGeoLib\src\Algorithm</Filter>
    </ClCompile>
    <ClCompile Include="External\mathgeolib\src\Geometry\AABB.cpp">
      <Filter>Sources\Tools\MathGeoLib\src\Geometry</Filter>
    </ClCompile>
    <ClCompile Include="External\mathgeolib\src\Geometry\Capsule.cpp">
      <Filter>Sources\Tools\MathGeoLib\src\Geometry</Filter>
    </ClCompile>
    <ClCompile Include="External\mathgeolib\src\Geometry\Circle.cpp">
      <Filter>Sources\Tools\MathGeoLib\src\Geometry</Filter>
    </ClCompile>
    <ClCompile Include="External\mathgeolib\src\Geometry\Frustum.cpp">
      <Filter>Sources\Tools\MathGeoLib\src\Geometry</Filter>
    </ClCompile>
    <ClCompile Include="External\mathgeolib\src\Geometry\Line.cpp">
      <Filter>Sources\Tools\MathGeoLib\src\Geometry</Filter>
    </ClCompile>
    <ClCompile Include="External\mathgeolib\src\Geometry\LineSegment.cpp">
      <Filter>Sources\Tools\MathGeoLib\src\Geometry</Filter>
    </ClCompile>
    <ClCompile Include="External\mathgeolib\src\Geometry\OBB.cpp">
      <Filter>Sources\Tools\MathGeoLib\src\Geometry</Filter>
    </ClCompile>
    <ClCompile Include="External\mathgeolib\src\Geometry\Plane.cpp">
      <Filter>Sources\Tools\MathGeoLib\src\Geometry</Filter>
    </ClCompile>
    <ClCompile Include="External\mathgeolib\src\Geometry\Polygon.cpp">
      <Filter>Sources\Tools\MathGeoLib\src\Geometry</Filter>
    </ClCompile>
    <ClCompile Include="External\mathgeolib\src\Geometry\Polyhedron.cpp">
      <Filter>Sources\Tools\MathGeoLib\src\Geometry</Filter>
    </ClCompile>
    <ClCompile Include="External\mathgeolib\src\Geometry\Ray.cpp">
      <Filter>Sources\Tools\MathGeoLib\src\Geometry</Filter>
    </ClCompile>
    <ClCompile Include="External\mathgeolib\src\Geometry\Sphere.cpp">
      <Filter>Sources\Tools\MathGeoLib\src\Geometry</Filter>
    </ClCompile>
    <ClCompile Include="External\mathgeolib\src\Geometry\Triangle.cpp">
      <Filter>Sources\Tools\MathGeoLib\src\Geometry</Filter>
    </ClCompile>
    <ClCompile Include="External\mathgeolib\src\Geometry\TriangleMesh.cpp">
      <Filter>Sources\Tools\MathGeoLib\src\Geometry</Filter>
    </ClCompile>
    <ClCompile Include="External\mathgeolib\src\Math\BitOps.cpp">
      <Filter>Sources\Tools\MathGeoLib\src\Math</Filter>
    </ClCompile>
    <ClCompile Include="External\mathgeolib\src\Math\float2.cpp">
      <Filter>Sources\Tools\MathGeoLib\src\Math</Filter>
    </ClCompile>
    <ClCompile Include="External\mathgeolib\src\Math\float3.cpp">
      <Filter>Sources\Tools\MathGeoLib\src\Math</Filter>
    </ClCompile>
    <ClCompile Include="External\mathgeolib\src\Math\float3x3.cpp">
      <Filter>Sources\Tools\MathGeoLib\src\Math</Filter>
    </ClCompile>
    <ClCompile Include="External\mathgeolib\src\Math\float3x4.cpp">
      <Filter>Sources\Tools\MathGeoLib\src\Math</Filter>
    </ClCompile>
    <ClCompile Include="External\mathgeolib\src\Math\float4.cpp">
      <Filter>Sources\Tools\MathGeoLib\src\Math</Filter>
    </ClCompile>
    <ClCompile Include="External\mathgeolib\src\Math\float4x4.cpp">
      <Filter>Sources\Tools\MathGeoLib\src\Math</Filter>
    </ClCompile>
    <ClCompile Include="External\mathgeolib\src\Math\MathFunc.cpp">
      <Filter>Sources\Tools\MathGeoLib\src\Math</Filter>
    </ClCompile>
    <ClCompile Include="External\mathgeolib\src\Math\MathLog.cpp">
      <Filter>Sources\Tools\MathGeoLib\src\Math</Filter>
    </ClCompile>
    <ClCompile Include="External\mathgeolib\src\Math\MathOps.cpp">
      <Filter>Sources\Tools\MathGeoLib\src\Math</Filter>
    </ClCompile>
    <ClCompile Include="External\mathgeolib\src\Math\Polynomial.cpp">
      <Filter>Sources\Tools\MathGeoLib\src\Math</Filter>
    </ClCompile>
    <ClCompile Include="External\mathgeolib\src\Math\Quat.cpp">
      <Filter>Sources\Tools\MathGeoLib\src\Math</Filter>
    </ClCompile>
    <ClCompile Include="External\mathgeolib\src\Math\SSEMath.cpp">
      <Filter>Sources\Tools\MathGeoLib\src\Math</Filter>
    </ClCompile>
    <ClCompile Include="External\mathgeolib\src\Math\TransformOps.cpp">
      <Filter>Sources\Tools\MathGeoLib\src\Math</Filter>
    </ClCompile>
    <ClCompile Include="External\mathgeolib\src\Time\Clock.cpp">
      <Filter>Sources\Tools\MathGeoLib\src\Time</Filter>
    </ClCompile>
    <ClCompile Include="External\mathgeolib\tests\ClockTests.cpp">
      <Filter>Sources\Tools\MathGeoLib\tests</Filter>
    </ClCompile>
    <ClCompile Include="External\mathgeolib\tests\EncloseTests.cpp">
      <Filter>Sources\Tools\MathGeoLib\tests</Filter>
    </ClCompile>
    <ClCompile Include="External\mathgeolib\tests\LCGTests.cpp">
      <Filter>Sources\Tools\MathGeoLib\tests</Filter>
    </ClCompile>
    <ClCompile Include="External\mathgeolib\tests\LineTests.cpp">
      <Filter>Sources\Tools\MathGeoLib\tests</Filter>
    </ClCompile>
    <ClCompile Include="External\mathgeolib\tests\MathFuncTests.cpp">
      <Filter>Sources\Tools\MathGeoLib\tests</Filter>
    </ClCompile>
    <ClCompile Include="External\mathgeolib\tests\MatrixTests.cpp">
      <Filter>Sources\Tools\MathGeoLib\tests</Filter>
    </ClCompile>
    <ClCompile Include="External\mathgeolib\tests\MemcpyTests.cpp">
      <Filter>Sources\Tools\MathGeoLib\tests</Filter>
    </ClCompile>
    <ClCompile Include="External\mathgeolib\tests\NegativeTests.cpp">
      <Filter>Sources\Tools\MathGeoLib\tests</Filter>
    </ClCompile>
    <ClCompile Include="External\mathgeolib\tests\NEONTests.cpp">
      <Filter>Sources\Tools\MathGeoLib\tests</Filter>
    </ClCompile>
    <ClCompile Include="External\mathgeolib\tests\PositiveTests.cpp">
      <Filter>Sources\Tools\MathGeoLib\tests</Filter>
    </ClCompile>
    <ClCompile Include="External\mathgeolib\tests\QuatTests.cpp">
      <Filter>Sources\Tools\MathGeoLib\tests</Filter>
    </ClCompile>
    <ClCompile Include="External\mathgeolib\tests\SerializationTests.cpp">
      <Filter>Sources\Tools\MathGeoLib\tests</Filter>
    </ClCompile>
    <ClCompile Include="External\mathgeolib\tests\SSEMathTests.cpp">
      <Filter>Sources\Tools\MathGeoLib\tests</Filter>
    </ClCompile>
    <ClCompile Include="External\mathgeolib\tests\SystemInfo.cpp">
      <Filter>Sources\Tools\MathGeoLib\tests</Filter>
    </ClCompile>
    <ClCompile Include="External\mathgeolib\tests\TestData.cpp">
      <Filter>Sources\Tools\MathGeoLib\tests</Filter>
    </ClCompile>
    <ClCompile Include="External\mathgeolib\tests\TestRunner.cpp">
      <Filter>Sources\Tools\MathGeoLib\tests</Filter>
    </ClCompile>
    <ClCompile Include="External\mathgeolib\tests\TransformTests.cpp">
      <Filter>Sources\Tools\MathGeoLib\tests</Filter>
    </ClCompile>
    <ClCompile Include="External\mathgeolib\tests\VectorTests.cpp">
      <Filter>Sources\Tools\MathGeoLib\tests</Filter>
    </ClCompile>
    <ClCompile Include="Source\ModuleEditor.cpp">
      <Filter>Sources\Modules</Filter>
    </ClCompile>
  </ItemGroup>
  <ItemGroup>
    <None Include="External\mathgeolib\src\Geometry\KDTree.inl">
      <Filter>Sources\Tools\MathGeoLib\src\Geometry</Filter>
    </None>
    <None Include="External\mathgeolib\src\Geometry\QuadTree.inl">
      <Filter>Sources\Tools\MathGeoLib\src\Geometry</Filter>
    </None>
    <None Include="External\mathgeolib\src\Geometry\TriangleMesh_IntersectRay_AVX.inl">
      <Filter>Sources\Tools\MathGeoLib\src\Geometry</Filter>
    </None>
    <None Include="External\mathgeolib\src\Geometry\TriangleMesh_IntersectRay_CPP.inl">
      <Filter>Sources\Tools\MathGeoLib\src\Geometry</Filter>
    </None>
    <None Include="External\mathgeolib\src\Geometry\TriangleMesh_IntersectRay_SSE.inl">
      <Filter>Sources\Tools\MathGeoLib\src\Geometry</Filter>
    </None>
    <None Include="External\mathgeolib\src\Math\Matrix.inl">
      <Filter>Sources\Tools\MathGeoLib\src\Math</Filter>
    </None>
  </ItemGroup>
</Project>